
Microsoft Visual Studio Solution File, Format Version 12.00
# Visual Studio Version 16
VisualStudioVersion = 16.0.30104.148
MinimumVisualStudioVersion = 10.0.40219.1
Project("{FAE04EC0-301F-11D3-BF4B-00C04F79EFBC}") = "PasswordSaltAndHash", "PasswordSaltAndHash\PasswordSaltAndHash.csproj", "{9C41D10A-CC4B-45F4-AA41-771FF5F57596}"
EndProject
Global
	GlobalSection(SolutionConfigurationPlatforms) = preSolution
		Debug|Any CPU = Debug|Any CPU
		Release|Any CPU = Release|Any CPU
	EndGlobalSection
	GlobalSection(ProjectConfigurationPlatforms) = postSolution
		{9C41D10A-CC4B-45F4-AA41-771FF5F57596}.Debug|Any CPU.ActiveCfg = Debug|Any CPU
		{9C41D10A-CC4B-45F4-AA41-771FF5F57596}.Debug|Any CPU.Build.0 = Debug|Any CPU
		{9C41D10A-CC4B-45F4-AA41-771FF5F57596}.Release|Any CPU.ActiveCfg = Release|Any CPU
		{9C41D10A-CC4B-45F4-AA41-771FF5F57596}.Release|Any CPU.Build.0 = Release|Any CPU
	EndGlobalSection
	GlobalSection(SolutionProperties) = preSolution
		HideSolutionNode = FALSE
	EndGlobalSection
	GlobalSection(ExtensibilityGlobals) = postSolution
		SolutionGuid = {AA5D1647-BA38-4A1B-AF31-2EB614E06034}
	EndGlobalSection
EndGlobal
